
Microsoft Visual Studio Solution File, Format Version 12.00
# Visual Studio 15
VisualStudioVersion = 15.0.27703.2000
MinimumVisualStudioVersion = 10.0.40219.1
Project("{FAE04EC0-301F-11D3-BF4B-00C04F79EFBC}") = "AppInventario.Android", "AppInventario\AppInventario.Android\AppInventario.Android.csproj", "{980095B3-4507-424C-86AB-57A0C90BA97D}"
EndProject
Project("{FAE04EC0-301F-11D3-BF4B-00C04F79EFBC}") = "AppInventario.iOS", "AppInventario\AppInventario.iOS\AppInventario.iOS.csproj", "{7959ECB4-BF20-477A-8813-3DA125C388EE}"
EndProject
Project("{FAE04EC0-301F-11D3-BF4B-00C04F79EFBC}") = "AppInventario", "AppInventario\AppInventario\AppInventario.csproj", "{AD168A3E-F9DF-4037-B0AC-CF144E78FC3F}"
EndProject
Global
	GlobalSection(SolutionConfigurationPlatforms) = preSolution
		Ad-Hoc|Any CPU = Ad-Hoc|Any CPU
		Ad-Hoc|iPhone = Ad-Hoc|iPhone
		Ad-Hoc|iPhoneSimulator = Ad-Hoc|iPhoneSimulator
		AppStore|Any CPU = AppStore|Any CPU
		AppStore|iPhone = AppStore|iPhone
		AppStore|iPhoneSimulator = AppStore|iPhoneSimulator
		Debug|Any CPU = Debug|Any CPU
		Debug|iPhone = Debug|iPhone
		Debug|iPhoneSimulator = Debug|iPhoneSimulator
		Release|Any CPU = Release|Any CPU
		Release|iPhone = Release|iPhone
		Release|iPhoneSimulator = Release|iPhoneSimulator
	EndGlobalSection
	GlobalSection(ProjectConfigurationPlatforms) = postSolution
		{980095B3-4507-424C-86AB-57A0C90BA97D}.Ad-Hoc|Any CPU.ActiveCfg = Release|Any CPU
		{980095B3-4507-424C-86AB-57A0C90BA97D}.Ad-Hoc|Any CPU.Build.0 = Release|Any CPU
		{980095B3-4507-424C-86AB-57A0C90BA97D}.Ad-Hoc|Any CPU.Deploy.0 = Release|Any CPU
		{980095B3-4507-424C-86AB-57A0C90BA97D}.Ad-Hoc|iPhone.ActiveCfg = Release|Any CPU
		{980095B3-4507-424C-86AB-57A0C90BA97D}.Ad-Hoc|iPhone.Build.0 = Release|Any CPU
		{980095B3-4507-424C-86AB-57A0C90BA97D}.Ad-Hoc|iPhone.Deploy.0 = Release|Any CPU
		{980095B3-4507-424C-86AB-57A0C90BA97D}.Ad-Hoc|iPhoneSimulator.ActiveCfg = Release|Any CPU
		{980095B3-4507-424C-86AB-57A0C90BA97D}.Ad-Hoc|iPhoneSimulator.Build.0 = Release|Any CPU
		{980095B3-4507-424C-86AB-57A0C90BA97D}.Ad-Hoc|iPhoneSimulator.Deploy.0 = Release|Any CPU
		{980095B3-4507-424C-86AB-57A0C90BA97D}.AppStore|Any CPU.ActiveCfg = Release|Any CPU
		{980095B3-4507-424C-86AB-57A0C90BA97D}.AppStore|Any CPU.Build.0 = Release|Any CPU
		{980095B3-4507-424C-86AB-57A0C90BA97D}.AppStore|Any CPU.Deploy.0 = Release|Any CPU
		{980095B3-4507-424C-86AB-57A0C90BA97D}.AppStore|iPhone.ActiveCfg = Release|Any CPU
		{980095B3-4507-424C-86AB-57A0C90BA97D}.AppStore|iPhone.Build.0 = Release|Any CPU
		{980095B3-4507-424C-86AB-57A0C90BA97D}.AppStore|iPhone.Deploy.0 = Release|Any CPU
		{980095B3-4507-424C-86AB-57A0C90BA97D}.AppStore|iPhoneSimulator.ActiveCfg = Release|Any CPU
		{980095B3-4507-424C-86AB-57A0C90BA97D}.AppStore|iPhoneSimulator.Build.0 = Release|Any CPU
		{980095B3-4507-424C-86AB-57A0C90BA97D}.AppStore|iPhoneSimulator.Deploy.0 = Release|Any CPU
		{980095B3-4507-424C-86AB-57A0C90BA97D}.Debug|Any CPU.ActiveCfg = Debug|Any CPU
		{980095B3-4507-424C-86AB-57A0C90BA97D}.Debug|Any CPU.Build.0 = Debug|Any CPU
		{980095B3-4507-424C-86AB-57A0C90BA97D}.Debug|Any CPU.Deploy.0 = Debug|Any CPU
		{980095B3-4507-424C-86AB-57A0C90BA97D}.Debug|iPhone.ActiveCfg = Debug|Any CPU
		{980095B3-4507-424C-86AB-57A0C90BA97D}.Debug|iPhone.Build.0 = Debug|Any CPU
		{980095B3-4507-424C-86AB-57A0C90BA97D}.Debug|iPhone.Deploy.0 = Debug|Any CPU
		{980095B3-4507-424C-86AB-57A0C90BA97D}.Debug|iPhoneSimulator.ActiveCfg = Debug|Any CPU
		{980095B3-4507-424C-86AB-57A0C90BA97D}.Debug|iPhoneSimulator.Build.0 = Debug|Any CPU
		{980095B3-4507-424C-86AB-57A0C90BA97D}.Debug|iPhoneSimulator.Deploy.0 = Debug|Any CPU
		{980095B3-4507-424C-86AB-57A0C90BA97D}.Release|Any CPU.ActiveCfg = Release|Any CPU
		{980095B3-4507-424C-86AB-57A0C90BA97D}.Release|Any CPU.Build.0 = Release|Any CPU
		{980095B3-4507-424C-86AB-57A0C90BA97D}.Release|Any CPU.Deploy.0 = Release|Any CPU
		{980095B3-4507-424C-86AB-57A0C90BA97D}.Release|iPhone.ActiveCfg = Release|Any CPU
		{980095B3-4507-424C-86AB-57A0C90BA97D}.Release|iPhone.Build.0 = Release|Any CPU
		{980095B3-4507-424C-86AB-57A0C90BA97D}.Release|iPhone.Deploy.0 = Release|Any CPU
		{980095B3-4507-424C-86AB-57A0C90BA97D}.Release|iPhoneSimulator.ActiveCfg = Release|Any CPU
		{980095B3-4507-424C-86AB-57A0C90BA97D}.Release|iPhoneSimulator.Build.0 = Release|Any CPU
		{980095B3-4507-424C-86AB-57A0C90BA97D}.Release|iPhoneSimulator.Deploy.0 = Release|Any CPU
		{7959ECB4-BF20-477A-8813-3DA125C388EE}.Ad-Hoc|Any CPU.ActiveCfg = Ad-Hoc|iPhone
		{7959ECB4-BF20-477A-8813-3DA125C388EE}.Ad-Hoc|Any CPU.Build.0 = Ad-Hoc|iPhone
		{7959ECB4-BF20-477A-8813-3DA125C388EE}.Ad-Hoc|Any CPU.Deploy.0 = Ad-Hoc|iPhone
		{7959ECB4-BF20-477A-8813-3DA125C388EE}.Ad-Hoc|iPhone.ActiveCfg = Ad-Hoc|iPhone
		{7959ECB4-BF20-477A-8813-3DA125C388EE}.Ad-Hoc|iPhone.Build.0 = Ad-Hoc|iPhone
		{7959ECB4-BF20-477A-8813-3DA125C388EE}.Ad-Hoc|iPhone.Deploy.0 = Ad-Hoc|iPhone
		{7959ECB4-BF20-477A-8813-3DA125C388EE}.Ad-Hoc|iPhoneSimulator.ActiveCfg = Ad-Hoc|iPhoneSimulator
		{7959ECB4-BF20-477A-8813-3DA125C388EE}.Ad-Hoc|iPhoneSimulator.Build.0 = Ad-Hoc|iPhoneSimulator
		{7959ECB4-BF20-477A-8813-3DA125C388EE}.Ad-Hoc|iPhoneSimulator.Deploy.0 = Ad-Hoc|iPhoneSimulator
		{7959ECB4-BF20-477A-8813-3DA125C388EE}.AppStore|Any CPU.ActiveCfg = AppStore|iPhone
		{7959ECB4-BF20-477A-8813-3DA125C388EE}.AppStore|Any CPU.Build.0 = AppStore|iPhone
		{7959ECB4-BF20-477A-8813-3DA125C388EE}.AppStore|Any CPU.Deploy.0 = AppStore|iPhone
		{7959ECB4-BF20-477A-8813-3DA125C388EE}.AppStore|iPhone.ActiveCfg = AppStore|iPhone
		{7959ECB4-BF20-477A-8813-3DA125C388EE}.AppStore|iPhone.Build.0 = AppStore|iPhone
		{7959ECB4-BF20-477A-8813-3DA125C388EE}.AppStore|iPhone.Deploy.0 = AppStore|iPhone
		{7959ECB4-BF20-477A-8813-3DA125C388EE}.AppStore|iPhoneSimulator.ActiveCfg = AppStore|iPhoneSimulator
		{7959ECB4-BF20-477A-8813-3DA125C388EE}.AppStore|iPhoneSimulator.Build.0 = AppStore|iPhoneSimulator
		{7959ECB4-BF20-477A-8813-3DA125C388EE}.AppStore|iPhoneSimulator.Deploy.0 = AppStore|iPhoneSimulator
		{7959ECB4-BF20-477A-8813-3DA125C388EE}.Debug|Any CPU.ActiveCfg = Debug|iPhoneSimulator
		{7959ECB4-BF20-477A-8813-3DA125C388EE}.Debug|Any CPU.Build.0 = Debug|iPhoneSimulator
		{7959ECB4-BF20-477A-8813-3DA125C388EE}.Debug|Any CPU.Deploy.0 = Debug|iPhoneSimulator
		{7959ECB4-BF20-477A-8813-3DA125C388EE}.Debug|iPhone.ActiveCfg = Debug|iPhone
		{7959ECB4-BF20-477A-8813-3DA125C388EE}.Debug|iPhone.Build.0 = Debug|iPhone
		{7959ECB4-BF20-477A-8813-3DA125C388EE}.Debug|iPhone.Deploy.0 = Debug|iPhone
		{7959ECB4-BF20-477A-8813-3DA125C388EE}.Debug|iPhoneSimulator.ActiveCfg = Debug|iPhoneSimulator
		{7959ECB4-BF20-477A-8813-3DA125C388EE}.Debug|iPhoneSimulator.Build.0 = Debug|iPhoneSimulator
		{7959ECB4-BF20-477A-8813-3DA125C388EE}.Debug|iPhoneSimulator.Deploy.0 = Debug|iPhoneSimulator
		{7959ECB4-BF20-477A-8813-3DA125C388EE}.Release|Any CPU.ActiveCfg = Release|iPhone
		{7959ECB4-BF20-477A-8813-3DA125C388EE}.Release|Any CPU.Build.0 = Release|iPhone
		{7959ECB4-BF20-477A-8813-3DA125C388EE}.Release|Any CPU.Deploy.0 = Release|iPhone
		{7959ECB4-BF20-477A-8813-3DA125C388EE}.Release|iPhone.ActiveCfg = Release|iPhone
		{7959ECB4-BF20-477A-8813-3DA125C388EE}.Release|iPhone.Build.0 = Release|iPhone
		{7959ECB4-BF20-477A-8813-3DA125C388EE}.Release|iPhone.Deploy.0 = Release|iPhone
		{7959ECB4-BF20-477A-8813-3DA125C388EE}.Release|iPhoneSimulator.ActiveCfg = Release|iPhoneSimulator
		{7959ECB4-BF20-477A-8813-3DA125C388EE}.Release|iPhoneSimulator.Build.0 = Release|iPhoneSimulator
		{7959ECB4-BF20-477A-8813-3DA125C388EE}.Release|iPhoneSimulator.Deploy.0 = Release|iPhoneSimulator
		{AD168A3E-F9DF-4037-B0AC-CF144E78FC3F}.Ad-Hoc|Any CPU.ActiveCfg = Debug|Any CPU
		{AD168A3E-F9DF-4037-B0AC-CF144E78FC3F}.Ad-Hoc|Any CPU.Build.0 = Debug|Any CPU
		{AD168A3E-F9DF-4037-B0AC-CF144E78FC3F}.Ad-Hoc|Any CPU.Deploy.0 = Debug|Any CPU
		{AD168A3E-F9DF-4037-B0AC-CF144E78FC3F}.Ad-Hoc|iPhone.ActiveCfg = Debug|Any CPU
		{AD168A3E-F9DF-4037-B0AC-CF144E78FC3F}.Ad-Hoc|iPhone.Build.0 = Debug|Any CPU
		{AD168A3E-F9DF-4037-B0AC-CF144E78FC3F}.Ad-Hoc|iPhone.Deploy.0 = Debug|Any CPU
		{AD168A3E-F9DF-4037-B0AC-CF144E78FC3F}.Ad-Hoc|iPhoneSimulator.ActiveCfg = Debug|Any CPU
		{AD168A3E-F9DF-4037-B0AC-CF144E78FC3F}.Ad-Hoc|iPhoneSimulator.Build.0 = Debug|Any CPU
		{AD168A3E-F9DF-4037-B0AC-CF144E78FC3F}.Ad-Hoc|iPhoneSimulator.Deploy.0 = Debug|Any CPU
		{AD168A3E-F9DF-4037-B0AC-CF144E78FC3F}.AppStore|Any CPU.ActiveCfg = Debug|Any CPU
		{AD168A3E-F9DF-4037-B0AC-CF144E78FC3F}.AppStore|Any CPU.Build.0 = Debug|Any CPU
		{AD168A3E-F9DF-4037-B0AC-CF144E78FC3F}.AppStore|Any CPU.Deploy.0 = Debug|Any CPU
		{AD168A3E-F9DF-4037-B0AC-CF144E78FC3F}.AppStore|iPhone.ActiveCfg = Debug|Any CPU
		{AD168A3E-F9DF-4037-B0AC-CF144E78FC3F}.AppStore|iPhone.Build.0 = Debug|Any CPU
		{AD168A3E-F9DF-4037-B0AC-CF144E78FC3F}.AppStore|iPhone.Deploy.0 = Debug|Any CPU
		{AD168A3E-F9DF-4037-B0AC-CF144E78FC3F}.AppStore|iPhoneSimulator.ActiveCfg = Debug|Any CPU
		{AD168A3E-F9DF-4037-B0AC-CF144E78FC3F}.AppStore|iPhoneSimulator.Build.0 = Debug|Any CPU
		{AD168A3E-F9DF-4037-B0AC-CF144E78FC3F}.AppStore|iPhoneSimulator.Deploy.0 = Debug|Any CPU
		{AD168A3E-F9DF-4037-B0AC-CF144E78FC3F}.Debug|Any CPU.ActiveCfg = Debug|Any CPU
		{AD168A3E-F9DF-4037-B0AC-CF144E78FC3F}.Debug|Any CPU.Build.0 = Debug|Any CPU
		{AD168A3E-F9DF-4037-B0AC-CF144E78FC3F}.Debug|Any CPU.Deploy.0 = Debug|Any CPU
		{AD168A3E-F9DF-4037-B0AC-CF144E78FC3F}.Debug|iPhone.ActiveCfg = Debug|Any CPU
		{AD168A3E-F9DF-4037-B0AC-CF144E78FC3F}.Debug|iPhone.Build.0 = Debug|Any CPU
		{AD168A3E-F9DF-4037-B0AC-CF144E78FC3F}.Debug|iPhone.Deploy.0 = Debug|Any CPU
		{AD168A3E-F9DF-4037-B0AC-CF144E78FC3F}.Debug|iPhoneSimulator.ActiveCfg = Debug|Any CPU
		{AD168A3E-F9DF-4037-B0AC-CF144E78FC3F}.Debug|iPhoneSimulator.Build.0 = Debug|Any CPU
		{AD168A3E-F9DF-4037-B0AC-CF144E78FC3F}.Debug|iPhoneSimulator.Deploy.0 = Debug|Any CPU
		{AD168A3E-F9DF-4037-B0AC-CF144E78FC3F}.Release|Any CPU.ActiveCfg = Release|Any CPU
		{AD168A3E-F9DF-4037-B0AC-CF144E78FC3F}.Release|Any CPU.Build.0 = Release|Any CPU
		{AD168A3E-F9DF-4037-B0AC-CF144E78FC3F}.Release|Any CPU.Deploy.0 = Release|Any CPU
		{AD168A3E-F9DF-4037-B0AC-CF144E78FC3F}.Release|iPhone.ActiveCfg = Release|Any CPU
		{AD168A3E-F9DF-4037-B0AC-CF144E78FC3F}.Release|iPhone.Build.0 = Release|Any CPU
		{AD168A3E-F9DF-4037-B0AC-CF144E78FC3F}.Release|iPhone.Deploy.0 = Release|Any CPU
		{AD168A3E-F9DF-4037-B0AC-CF144E78FC3F}.Release|iPhoneSimulator.ActiveCfg = Release|Any CPU
		{AD168A3E-F9DF-4037-B0AC-CF144E78FC3F}.Release|iPhoneSimulator.Build.0 = Release|Any CPU
		{AD168A3E-F9DF-4037-B0AC-CF144E78FC3F}.Release|iPhoneSimulator.Deploy.0 = Release|Any CPU
	EndGlobalSection
	GlobalSection(SolutionProperties) = preSolution
		HideSolutionNode = FALSE
	EndGlobalSection
	GlobalSection(ExtensibilityGlobals) = postSolution
		SolutionGuid = {65D308F1-4902-4443-98E2-8EAED1437B5A}
	EndGlobalSection
EndGlobal
